
Microsoft Visual Studio Solution File, Format Version 12.00
# Visual Studio Version 16
VisualStudioVersion = 16.0.29613.14
MinimumVisualStudioVersion = 10.0.40219.1
Project("{FAE04EC0-301F-11D3-BF4B-00C04F79EFBC}") = "Login", "Login\Login.csproj", "{CCB8A125-4C51-4D60-8B2F-97250D8FB7D4}"
EndProject
Global
	GlobalSection(SolutionConfigurationPlatforms) = preSolution
		Debug|Any CPU = Debug|Any CPU
		Release|Any CPU = Release|Any CPU
	EndGlobalSection
	GlobalSection(ProjectConfigurationPlatforms) = postSolution
		{CCB8A125-4C51-4D60-8B2F-97250D8FB7D4}.Debug|Any CPU.ActiveCfg = Debug|Any CPU
		{CCB8A125-4C51-4D60-8B2F-97250D8FB7D4}.Debug|Any CPU.Build.0 = Debug|Any CPU
		{CCB8A125-4C51-4D60-8B2F-97250D8FB7D4}.Release|Any CPU.ActiveCfg = Release|Any CPU
		{CCB8A125-4C51-4D60-8B2F-97250D8FB7D4}.Release|Any CPU.Build.0 = Release|Any CPU
	EndGlobalSection
	GlobalSection(SolutionProperties) = preSolution
		HideSolutionNode = FALSE
	EndGlobalSection
	GlobalSection(ExtensibilityGlobals) = postSolution
		SolutionGuid = {02E4ECD2-4247-447E-B0FF-4D9C0ED0A428}
	EndGlobalSection
EndGlobal
